
Microsoft Visual Studio Solution File, Format Version 12.00
# Visual Studio Version 17
VisualStudioVersion = 17.0.31919.166
MinimumVisualStudioVersion = 10.0.40219.1
Project("{FAE04EC0-301F-11D3-BF4B-00C04F79EFBC}") = "TestProject", "Announcement\TestProject.csproj", "{61110D1B-49C0-4730-8123-FCCA65662991}"
EndProject
Global
	GlobalSection(SolutionConfigurationPlatforms) = preSolution
		Debug|Any CPU = Debug|Any CPU
		Release|Any CPU = Release|Any CPU
	EndGlobalSection
	GlobalSection(ProjectConfigurationPlatforms) = postSolution
		{61110D1B-49C0-4730-8123-FCCA65662991}.Debug|Any CPU.ActiveCfg = Debug|Any CPU
		{61110D1B-49C0-4730-8123-FCCA65662991}.Debug|Any CPU.Build.0 = Debug|Any CPU
		{61110D1B-49C0-4730-8123-FCCA65662991}.Release|Any CPU.ActiveCfg = Release|Any CPU
		{61110D1B-49C0-4730-8123-FCCA65662991}.Release|Any CPU.Build.0 = Release|Any CPU
	EndGlobalSection
	GlobalSection(SolutionProperties) = preSolution
		HideSolutionNode = FALSE
	EndGlobalSection
	GlobalSection(ExtensibilityGlobals) = postSolution
		SolutionGuid = {705C9E43-3E3C-463F-98E1-85F0B55A8AAA}
	EndGlobalSection
EndGlobal
